
Microsoft Visual Studio Solution File, Format Version 12.00
# Visual Studio 15
VisualStudioVersion = 15.0.27004.2005
MinimumVisualStudioVersion = 10.0.40219.1
Project("{FAE04EC0-301F-11D3-BF4B-00C04F79EFBC}") = "SignalR", "SignalR\SignalR.csproj", "{5F73E6A2-61E5-4FAB-AA1F-A346513A1713}"
EndProject
Global
	GlobalSection(SolutionConfigurationPlatforms) = preSolution
		Debug|Any CPU = Debug|Any CPU
		Release|Any CPU = Release|Any CPU
	EndGlobalSection
	GlobalSection(ProjectConfigurationPlatforms) = postSolution
		{5F73E6A2-61E5-4FAB-AA1F-A346513A1713}.Debug|Any CPU.ActiveCfg = Debug|Any CPU
		{5F73E6A2-61E5-4FAB-AA1F-A346513A1713}.Debug|Any CPU.Build.0 = Debug|Any CPU
		{5F73E6A2-61E5-4FAB-AA1F-A346513A1713}.Release|Any CPU.ActiveCfg = Release|Any CPU
		{5F73E6A2-61E5-4FAB-AA1F-A346513A1713}.Release|Any CPU.Build.0 = Release|Any CPU
	EndGlobalSection
	GlobalSection(SolutionProperties) = preSolution
		HideSolutionNode = FALSE
	EndGlobalSection
	GlobalSection(ExtensibilityGlobals) = postSolution
		SolutionGuid = {0BEE4619-8BAA-4842-9EB3-6CC13907649D}
	EndGlobalSection
EndGlobal
